
Microsoft Visual Studio Solution File, Format Version 12.00
# Visual Studio Version 16
VisualStudioVersion = 16.0.29519.87
MinimumVisualStudioVersion = 10.0.40219.1
Project("{FAE04EC0-301F-11D3-BF4B-00C04F79EFBC}") = "Entidades", "estacionamiento\Entidades.csproj", "{376D8589-E318-4B50-B3EF-A48C61673EEB}"
EndProject
Project("{FAE04EC0-301F-11D3-BF4B-00C04F79EFBC}") = "EntidadesTest", "EntidadesTest\EntidadesTest.csproj", "{7536D8A2-B507-43F3-84D9-C43781557E62}"
EndProject
Project("{FAE04EC0-301F-11D3-BF4B-00C04F79EFBC}") = "EntidadesForm", "EntidadesForm\EntidadesForm.csproj", "{FD5219A8-2F3D-4B83-A34D-0D43E2DA3264}"
EndProject
Global
	GlobalSection(SolutionConfigurationPlatforms) = preSolution
		Debug|Any CPU = Debug|Any CPU
		Release|Any CPU = Release|Any CPU
	EndGlobalSection
	GlobalSection(ProjectConfigurationPlatforms) = postSolution
		{376D8589-E318-4B50-B3EF-A48C61673EEB}.Debug|Any CPU.ActiveCfg = Debug|Any CPU
		{376D8589-E318-4B50-B3EF-A48C61673EEB}.Debug|Any CPU.Build.0 = Debug|Any CPU
		{376D8589-E318-4B50-B3EF-A48C61673EEB}.Release|Any CPU.ActiveCfg = Release|Any CPU
		{376D8589-E318-4B50-B3EF-A48C61673EEB}.Release|Any CPU.Build.0 = Release|Any CPU
		{7536D8A2-B507-43F3-84D9-C43781557E62}.Debug|Any CPU.ActiveCfg = Debug|Any CPU
		{7536D8A2-B507-43F3-84D9-C43781557E62}.Debug|Any CPU.Build.0 = Debug|Any CPU
		{7536D8A2-B507-43F3-84D9-C43781557E62}.Release|Any CPU.ActiveCfg = Release|Any CPU
		{7536D8A2-B507-43F3-84D9-C43781557E62}.Release|Any CPU.Build.0 = Release|Any CPU
		{FD5219A8-2F3D-4B83-A34D-0D43E2DA3264}.Debug|Any CPU.ActiveCfg = Debug|Any CPU
		{FD5219A8-2F3D-4B83-A34D-0D43E2DA3264}.Debug|Any CPU.Build.0 = Debug|Any CPU
		{FD5219A8-2F3D-4B83-A34D-0D43E2DA3264}.Release|Any CPU.ActiveCfg = Release|Any CPU
		{FD5219A8-2F3D-4B83-A34D-0D43E2DA3264}.Release|Any CPU.Build.0 = Release|Any CPU
	EndGlobalSection
	GlobalSection(SolutionProperties) = preSolution
		HideSolutionNode = FALSE
	EndGlobalSection
	GlobalSection(ExtensibilityGlobals) = postSolution
		SolutionGuid = {F50A4401-1AF2-4C40-B783-0E2F3A7BA2B2}
	EndGlobalSection
EndGlobal
